
Microsoft Visual Studio Solution File, Format Version 12.00
# Visual Studio Version 16
VisualStudioVersion = 16.0.31112.23
MinimumVisualStudioVersion = 10.0.40219.1
Project("{FAE04EC0-301F-11D3-BF4B-00C04F79EFBC}") = "Lab Works", "Lab Works\Lab Works.csproj", "{4CD3D2CE-72F2-4DE4-A7F1-C8AD51E82F97}"
EndProject
Global
	GlobalSection(SolutionConfigurationPlatforms) = preSolution
		Debug|Any CPU = Debug|Any CPU
		Release|Any CPU = Release|Any CPU
	EndGlobalSection
	GlobalSection(ProjectConfigurationPlatforms) = postSolution
		{4CD3D2CE-72F2-4DE4-A7F1-C8AD51E82F97}.Debug|Any CPU.ActiveCfg = Debug|Any CPU
		{4CD3D2CE-72F2-4DE4-A7F1-C8AD51E82F97}.Debug|Any CPU.Build.0 = Debug|Any CPU
		{4CD3D2CE-72F2-4DE4-A7F1-C8AD51E82F97}.Release|Any CPU.ActiveCfg = Release|Any CPU
		{4CD3D2CE-72F2-4DE4-A7F1-C8AD51E82F97}.Release|Any CPU.Build.0 = Release|Any CPU
	EndGlobalSection
	GlobalSection(SolutionProperties) = preSolution
		HideSolutionNode = FALSE
	EndGlobalSection
	GlobalSection(ExtensibilityGlobals) = postSolution
		SolutionGuid = {13F1F3BA-EE3C-4862-92A2-F3CC7EC617D6}
	EndGlobalSection
EndGlobal
